
Microsoft Visual Studio Solution File, Format Version 12.00
# Visual Studio 14
VisualStudioVersion = 14.0.25420.1
MinimumVisualStudioVersion = 10.0.40219.1
Project("{FAE04EC0-301F-11D3-BF4B-00C04F79EFBC}") = "XOUND", "XOUND\XOUND.csproj", "{748552E6-65B2-4ABB-868E-FAA5E9C26C1E}"
EndProject
Project("{FAE04EC0-301F-11D3-BF4B-00C04F79EFBC}") = "XOUND.Tests", "XOUND.Tests\XOUND.Tests.csproj", "{6CE55C05-1808-4466-84A5-D621FCAFDC87}"
EndProject
Project("{FAE04EC0-301F-11D3-BF4B-00C04F79EFBC}") = "SunCalculatorTester", "SunCalculatorTester\SunCalculatorTester.csproj", "{7B3F999D-30BF-475F-AD4B-62C00DB1F0FE}"
EndProject
Global
	GlobalSection(SolutionConfigurationPlatforms) = preSolution
		Debug|Any CPU = Debug|Any CPU
		Release|Any CPU = Release|Any CPU
	EndGlobalSection
	GlobalSection(ProjectConfigurationPlatforms) = postSolution
		{748552E6-65B2-4ABB-868E-FAA5E9C26C1E}.Debug|Any CPU.ActiveCfg = Debug|Any CPU
		{748552E6-65B2-4ABB-868E-FAA5E9C26C1E}.Debug|Any CPU.Build.0 = Debug|Any CPU
		{748552E6-65B2-4ABB-868E-FAA5E9C26C1E}.Release|Any CPU.ActiveCfg = Release|Any CPU
		{748552E6-65B2-4ABB-868E-FAA5E9C26C1E}.Release|Any CPU.Build.0 = Release|Any CPU
		{6CE55C05-1808-4466-84A5-D621FCAFDC87}.Debug|Any CPU.ActiveCfg = Debug|Any CPU
		{6CE55C05-1808-4466-84A5-D621FCAFDC87}.Debug|Any CPU.Build.0 = Debug|Any CPU
		{6CE55C05-1808-4466-84A5-D621FCAFDC87}.Release|Any CPU.ActiveCfg = Release|Any CPU
		{6CE55C05-1808-4466-84A5-D621FCAFDC87}.Release|Any CPU.Build.0 = Release|Any CPU
		{7B3F999D-30BF-475F-AD4B-62C00DB1F0FE}.Debug|Any CPU.ActiveCfg = Debug|Any CPU
		{7B3F999D-30BF-475F-AD4B-62C00DB1F0FE}.Debug|Any CPU.Build.0 = Debug|Any CPU
		{7B3F999D-30BF-475F-AD4B-62C00DB1F0FE}.Release|Any CPU.ActiveCfg = Release|Any CPU
		{7B3F999D-30BF-475F-AD4B-62C00DB1F0FE}.Release|Any CPU.Build.0 = Release|Any CPU
	EndGlobalSection
	GlobalSection(SolutionProperties) = preSolution
		HideSolutionNode = FALSE
	EndGlobalSection
EndGlobal
